
Microsoft Visual Studio Solution File, Format Version 12.00
# Visual Studio Version 16
VisualStudioVersion = 16.0.33130.400
MinimumVisualStudioVersion = 10.0.40219.1
Project("{8BC9CEB8-8B4A-11D0-8D11-00A0C91BC942}") = "ShuffleTwoDecksTester", "ShuffleTwoDecksTester.vcxproj", "{093B1C43-852C-45D7-B734-D47DDFBC783B}"
EndProject
Global
	GlobalSection(SolutionConfigurationPlatforms) = preSolution
		Debug|x64 = Debug|x64
		Debug|x86 = Debug|x86
		Release|x64 = Release|x64
		Release|x86 = Release|x86
	EndGlobalSection
	GlobalSection(ProjectConfigurationPlatforms) = postSolution
		{093B1C43-852C-45D7-B734-D47DDFBC783B}.Debug|x64.ActiveCfg = Debug|x64
		{093B1C43-852C-45D7-B734-D47DDFBC783B}.Debug|x64.Build.0 = Debug|x64
		{093B1C43-852C-45D7-B734-D47DDFBC783B}.Debug|x86.ActiveCfg = Debug|Win32
		{093B1C43-852C-45D7-B734-D47DDFBC783B}.Debug|x86.Build.0 = Debug|Win32
		{093B1C43-852C-45D7-B734-D47DDFBC783B}.Release|x64.ActiveCfg = Release|x64
		{093B1C43-852C-45D7-B734-D47DDFBC783B}.Release|x64.Build.0 = Release|x64
		{093B1C43-852C-45D7-B734-D47DDFBC783B}.Release|x86.ActiveCfg = Release|Win32
		{093B1C43-852C-45D7-B734-D47DDFBC783B}.Release|x86.Build.0 = Release|Win32
	EndGlobalSection
	GlobalSection(SolutionProperties) = preSolution
		HideSolutionNode = FALSE
	EndGlobalSection
	GlobalSection(ExtensibilityGlobals) = postSolution
		SolutionGuid = {99F44345-8313-412E-905C-2031B2CD4393}
	EndGlobalSection
EndGlobal
